{
  "name": "dev-test",
  "version": "1.0.0",
  "lockfileVersion": 2,
  "requires": true,
  "packages": {
    "": {
      "version": "1.0.0",
      "license": "ISC",
      "dependencies": {
        "@onflow/fcl-config": "^0.0.1"
      },
      "devDependencies": {
        "@onflow/config": "^0.0.2",
        "@onflow/fcl": "^0.0.73",
        "elliptic": "^6.5.4",
        "esm": "^3.2.25",
        "rlp": "^2.2.6",
        "sha3": "^2.1.4"
      }
    },
    "node_modules/@improbable-eng/grpc-web": {
      "version": "0.14.0",
      "resolved": "https://registry.npmjs.org/@improbable-eng/grpc-web/-/grpc-web-0.14.0.tgz",
      "integrity": "sha512-ag1PTMWpBZKGi6GrEcZ4lkU5Qag23Xjo10BmnK9qyx4TMmSVcWmQ3rECirfQzm2uogrM9n1M6xfOpFsJP62ivA==",
      "dev": true,
      "dependencies": {
        "browser-headers": "^0.4.1"
      },
      "peerDependencies": {
        "google-protobuf": "^3.14.0"
      }
    },
    "node_modules/@improbable-eng/grpc-web-node-http-transport": {
      "version": "0.14.0",
      "resolved": "https://registry.npmjs.org/@improbable-eng/grpc-web-node-http-transport/-/grpc-web-node-http-transport-0.14.0.tgz",
      "integrity": "sha512-NGZJgY8zTTWM//9oGdJZ+acmCgcgUcqxu3NV3GMFxw35D+3xkdEz599r9O7urg1Vv0+LzXDvfWEg7qg1Ec8x1w==",
      "dev": true,
      "peerDependencies": {
        "@improbable-eng/grpc-web": ">=0.13.0"
      }
    },
    "node_modules/@onflow/config": {
      "version": "0.0.2",
      "resolved": "https://registry.npmjs.org/@onflow/config/-/config-0.0.2.tgz",
      "integrity": "sha512-H/+yrAalzEnMWkubiWsDdWytKSzd+OfRCddTlaRUelxfXhcfw2QWegH9N8EzeKfKXcQ6PLzvu9vQwhFxCZTE8Q==",
      "dev": true,
      "dependencies": {
        "@onflow/util-actor": "0.0.2"
      }
    },
    "node_modules/@onflow/fcl": {
      "version": "0.0.73",
      "resolved": "https://registry.npmjs.org/@onflow/fcl/-/fcl-0.0.73.tgz",
      "integrity": "sha512-A6HNPgfck51uBMyhuKoOQaH9Ro1Ma7iE45Q5imrjeAT0Jk1DLUgG78M28oFpt+mlCwhYFsLuyMVmVPwGsAL64w==",
      "dev": true,
      "dependencies": {
        "@onflow/interaction": "0.0.11",
        "@onflow/rlp": "0.0.3",
        "@onflow/sdk": "0.0.50",
        "@onflow/types": "^0.0.4",
        "@onflow/util-actor": "0.0.2",
        "@onflow/util-address": "0.0.0",
        "@onflow/util-invariant": "0.0.0",
        "@onflow/util-template": "0.0.1",
        "@onflow/util-uid": "0.0.1"
      }
    },
    "node_modules/@onflow/fcl-config": {
      "version": "0.0.1",
      "resolved": "https://registry.npmjs.org/@onflow/fcl-config/-/fcl-config-0.0.1.tgz",
      "integrity": "sha512-umvYsAwejX2yGJ5OFxM1dEaKmFEXf+34f4rJfVkfEYztgJqLkUbBkEB8HQsI8M78QUpWkWuNArqwbFvFerBbHA=="
    },
    "node_modules/@onflow/interaction": {
      "version": "0.0.11",
      "resolved": "https://registry.npmjs.org/@onflow/interaction/-/interaction-0.0.11.tgz",
      "integrity": "sha512-Xuq1Mmx6Wyba/F/L+QLQs0yJeQDsIDwy5SKk5vrCuVgIj0yD8k506g5L8ODrbM1LWll8i0tQsoOi0F85vNl5sA==",
      "dev": true
    },
    "node_modules/@onflow/protobuf": {
      "version": "0.1.8",
      "resolved": "https://registry.npmjs.org/@onflow/protobuf/-/protobuf-0.1.8.tgz",
      "integrity": "sha512-Taww31RrpJMr3fkWgF2HR2TcRbAoPbMjwRYt9IlYknyRX5YTzpaU35petdqDRfxwmfY9mRxHbiInujX4aV02Hw==",
      "dev": true,
      "dependencies": {
        "@improbable-eng/grpc-web": "^0.12.0",
        "google-protobuf": "^3.11.4"
      }
    },
    "node_modules/@onflow/protobuf/node_modules/@improbable-eng/grpc-web": {
      "version": "0.12.0",
      "resolved": "https://registry.npmjs.org/@improbable-eng/grpc-web/-/grpc-web-0.12.0.tgz",
      "integrity": "sha512-uJjgMPngreRTYPBuo6gswMj1gK39Wbqre/RgE0XnSDXJRg6ST7ZhuS53dFE6Vc2CX4jxgl+cO+0B3op8LA4Q0Q==",
      "dev": true,
      "dependencies": {
        "browser-headers": "^0.4.0"
      },
      "peerDependencies": {
        "google-protobuf": "^3.2.0"
      }
    },
    "node_modules/@onflow/rlp": {
      "version": "0.0.3",
      "resolved": "https://registry.npmjs.org/@onflow/rlp/-/rlp-0.0.3.tgz",
      "integrity": "sha512-oAf0VEiMjX8eC6Vd66j1BdGYTHOM6UBaS/sLSScnc7bKX5gICqe2gtEsCeJVE9rUzRk3GD3JqXRnPAW6YFWd/Q==",
      "dev": true
    },
    "node_modules/@onflow/sdk": {
      "version": "0.0.50",
      "resolved": "https://registry.npmjs.org/@onflow/sdk/-/sdk-0.0.50.tgz",
      "integrity": "sha512-A3g43Qx7OgeFfpgz9Tk4bJIE2xJ6zWe6FPGAm6Al+5OP+TNU5vdLcxKNgR+Pk2u+QVCYBaA0Jf4pncF9+K+pVw==",
      "dev": true,
      "dependencies": {
        "@improbable-eng/grpc-web": "^0.14.0",
        "@improbable-eng/grpc-web-node-http-transport": "^0.14.0",
        "@onflow/protobuf": "^0.1.8",
        "@onflow/rlp": "^0.0.3",
        "@onflow/util-actor": "0.0.2",
        "@onflow/util-address": "^0.0.0",
        "@onflow/util-invariant": "^0.0.0",
        "@onflow/util-template": "0.0.1",
        "deepmerge": "^4.2.2"
      }
    },
    "node_modules/@onflow/types": {
      "version": "0.0.4",
      "resolved": "https://registry.npmjs.org/@onflow/types/-/types-0.0.4.tgz",
      "integrity": "sha512-47r0qTM45mR7FSvyEE0njGljkpgy3MCf/2W82pfZ/PTFGWr1nsGV/4j2bUfK9Sry4Ymz2W20iRZVP3xpqOhqGw==",
      "dev": true
    },
    "node_modules/@onflow/util-actor": {
      "version": "0.0.2",
      "resolved": "https://registry.npmjs.org/@onflow/util-actor/-/util-actor-0.0.2.tgz",
      "integrity": "sha512-NV3zPXQue3FqVgcIIMo6ifJOiP3hVSQTaR4ZrWLFU5iAZ/L73cTtBMbCB4BUFOe20ALtF2c9PFmpNVowCYV+nw==",
      "dev": true,
      "dependencies": {
        "queue-microtask": "1.1.2"
      }
    },
    "node_modules/@onflow/util-address": {
      "version": "0.0.0",
      "resolved": "https://registry.npmjs.org/@onflow/util-address/-/util-address-0.0.0.tgz",
      "integrity": "sha512-Lzbw/wV3O1fmfXYF2q6iGLgHz/7ATsLXOHceP5tzeEAKNf+srdtTNJv5jhNGhpFFAtQ6TcomXURVMhUg+/4YbA==",
      "dev": true
    },
    "node_modules/@onflow/util-invariant": {
      "version": "0.0.0",
      "resolved": "https://registry.npmjs.org/@onflow/util-invariant/-/util-invariant-0.0.0.tgz",
      "integrity": "sha512-ZCt+NqLdeHt9tZhb0DGxo6iSIS9oNUpLkd0PEMzUYUHr4UwrUO7VruV1AUW3PaF9V78DZ13fNZUiQEzdF76O/w==",
      "dev": true
    },
    "node_modules/@onflow/util-template": {
      "version": "0.0.1",
      "resolved": "https://registry.npmjs.org/@onflow/util-template/-/util-template-0.0.1.tgz",
      "integrity": "sha512-qlJ0oq+QujnZRCOGYaw5OKSDpiDIOpwQMYlMe4Mbz//Wn+LOmUghoKZGmRP+YCgp7BJ4aB6AWW/7kL83NDy50A==",
      "dev": true
    },
    "node_modules/@onflow/util-uid": {
      "version": "0.0.1",
      "resolved": "https://registry.npmjs.org/@onflow/util-uid/-/util-uid-0.0.1.tgz",
      "integrity": "sha512-SzBscBdyn1Zoks0Wo/w7J/Ds9IZ/T+KM/wyWMwWla4PnxwBFviy1BytEQY+sM5q1UNOvaGWgGEoRmH/oOCcglA==",
      "dev": true
    },
    "node_modules/base64-js": {
      "version": "1.5.1",
      "resolved": "https://registry.npmjs.org/base64-js/-/base64-js-1.5.1.tgz",
      "integrity": "sha512-AKpaYlHn8t4SVbOHCy+b5+KKgvR4vrsD8vbvrbiQJps7fKDTkjkDry6ji0rUJjC0kzbNePLwzxq8iypo41qeWA==",
      "dev": true,
      "funding": [
        {
          "type": "github",
          "url": "https://github.com/sponsors/feross"
        },
        {
          "type": "patreon",
          "url": "https://www.patreon.com/feross"
        },
        {
          "type": "consulting",
          "url": "https://feross.org/support"
        }
      ]
    },
    "node_modules/bn.js": {
      "version": "4.12.0",
      "resolved": "https://registry.npmjs.org/bn.js/-/bn.js-4.12.0.tgz",
      "integrity": "sha512-c98Bf3tPniI+scsdk237ku1Dc3ujXQTSgyiPUDEOe7tRkhrqridvh8klBv0HCEso1OLOYcHuCv/cS6DNxKH+ZA==",
      "dev": true
    },
    "node_modules/brorand": {
      "version": "1.1.0",
      "resolved": "https://registry.npmjs.org/brorand/-/brorand-1.1.0.tgz",
      "integrity": "sha1-EsJe/kCkXjwyPrhnWgoM5XsiNx8=",
      "dev": true
    },
    "node_modules/browser-headers": {
      "version": "0.4.1",
      "resolved": "https://registry.npmjs.org/browser-headers/-/browser-headers-0.4.1.tgz",
      "integrity": "sha512-CA9hsySZVo9371qEHjHZtYxV2cFtVj5Wj/ZHi8ooEsrtm4vOnl9Y9HmyYWk9q+05d7K3rdoAE0j3MVEFVvtQtg==",
      "dev": true
    },
    "node_modules/buffer": {
      "version": "6.0.3",
      "resolved": "https://registry.npmjs.org/buffer/-/buffer-6.0.3.tgz",
      "integrity": "sha512-FTiCpNxtwiZZHEZbcbTIcZjERVICn9yq/pDFkTl95/AxzD1naBctN7YO68riM/gLSDY7sdrMby8hofADYuuqOA==",
      "dev": true,
      "funding": [
        {
          "type": "github",
          "url": "https://github.com/sponsors/feross"
        },
        {
          "type": "patreon",
          "url": "https://www.patreon.com/feross"
        },
        {
          "type": "consulting",
          "url": "https://feross.org/support"
        }
      ],
      "dependencies": {
        "base64-js": "^1.3.1",
        "ieee754": "^1.2.1"
      }
    },
    "node_modules/deepmerge": {
      "version": "4.2.2",
      "resolved": "https://registry.npmjs.org/deepmerge/-/deepmerge-4.2.2.tgz",
      "integrity": "sha512-FJ3UgI4gIl+PHZm53knsuSFpE+nESMr7M4v9QcgB7S63Kj/6WqMiFQJpBBYz1Pt+66bZpP3Q7Lye0Oo9MPKEdg==",
      "dev": true,
      "engines": {
        "node": ">=0.10.0"
      }
    },
    "node_modules/elliptic": {
      "version": "6.5.4",
      "resolved": "https://registry.npmjs.org/elliptic/-/elliptic-6.5.4.tgz",
      "integrity": "sha512-iLhC6ULemrljPZb+QutR5TQGB+pdW6KGD5RSegS+8sorOZT+rdQFbsQFJgvN3eRqNALqJer4oQ16YvJHlU8hzQ==",
      "dev": true,
      "dependencies": {
        "bn.js": "^4.11.9",
        "brorand": "^1.1.0",
        "hash.js": "^1.0.0",
        "hmac-drbg": "^1.0.1",
        "inherits": "^2.0.4",
        "minimalistic-assert": "^1.0.1",
        "minimalistic-crypto-utils": "^1.0.1"
      }
    },
    "node_modules/esm": {
      "version": "3.2.25",
      "resolved": "https://registry.npmjs.org/esm/-/esm-3.2.25.tgz",
      "integrity": "sha512-U1suiZ2oDVWv4zPO56S0NcR5QriEahGtdN2OR6FiOG4WJvcjBVFB0qI4+eKoWFH483PKGuLuu6V8Z4T5g63UVA==",
      "dev": true,
      "engines": {
        "node": ">=6"
      }
    },
    "node_modules/google-protobuf": {
      "version": "3.17.3",
      "resolved": "https://registry.npmjs.org/google-protobuf/-/google-protobuf-3.17.3.tgz",
      "integrity": "sha512-OVPzcSWIAJ+d5yiHyeaLrdufQtrvaBrF4JQg+z8ynTkbO3uFcujqXszTumqg1cGsAsjkWnI+M5B1xZ19yR4Wyg==",
      "dev": true
    },
    "node_modules/hash.js": {
      "version": "1.1.7",
      "resolved": "https://registry.npmjs.org/hash.js/-/hash.js-1.1.7.tgz",
      "integrity": "sha512-taOaskGt4z4SOANNseOviYDvjEJinIkRgmp7LbKP2YTTmVxWBl87s/uzK9r+44BclBSp2X7K1hqeNfz9JbBeXA==",
      "dev": true,
      "dependencies": {
        "inherits": "^2.0.3",
        "minimalistic-assert": "^1.0.1"
      }
    },
    "node_modules/hmac-drbg": {
      "version": "1.0.1",
      "resolved": "https://registry.npmjs.org/hmac-drbg/-/hmac-drbg-1.0.1.tgz",
      "integrity": "sha1-0nRXAQJabHdabFRXk+1QL8DGSaE=",
      "dev": true,
      "dependencies": {
        "hash.js": "^1.0.3",
        "minimalistic-assert": "^1.0.0",
        "minimalistic-crypto-utils": "^1.0.1"
      }
    },
    "node_modules/ieee754": {
      "version": "1.2.1",
      "resolved": "https://registry.npmjs.org/ieee754/-/ieee754-1.2.1.tgz",
      "integrity": "sha512-dcyqhDvX1C46lXZcVqCpK+FtMRQVdIMN6/Df5js2zouUsqG7I6sFxitIC+7KYK29KdXOLHdu9zL4sFnoVQnqaA==",
      "dev": true,
      "funding": [
        {
          "type": "github",
          "url": "https://github.com/sponsors/feross"
        },
        {
          "type": "patreon",
          "url": "https://www.patreon.com/feross"
        },
        {
          "type": "consulting",
          "url": "https://feross.org/support"
        }
      ]
    },
    "node_modules/inherits": {
      "version": "2.0.4",
      "resolved": "https://registry.npmjs.org/inherits/-/inherits-2.0.4.tgz",
      "integrity": "sha512-k/vGaX4/Yla3WzyMCvTQOXYeIHvqOKtnqBduzTHpzpQZzAskKMhZ2K+EnBiSM9zGSoIFeMpXKxa4dYeZIQqewQ==",
      "dev": true
    },
    "node_modules/minimalistic-assert": {
      "version": "1.0.1",
      "resolved": "https://registry.npmjs.org/minimalistic-assert/-/minimalistic-assert-1.0.1.tgz",
      "integrity": "sha512-UtJcAD4yEaGtjPezWuO9wC4nwUnVH/8/Im3yEHQP4b67cXlD/Qr9hdITCU1xDbSEXg2XKNaP8jsReV7vQd00/A==",
      "dev": true
    },
    "node_modules/minimalistic-crypto-utils": {
      "version": "1.0.1",
      "resolved": "https://registry.npmjs.org/minimalistic-crypto-utils/-/minimalistic-crypto-utils-1.0.1.tgz",
      "integrity": "sha1-9sAMHAsIIkblxNmd+4x8CDsrWCo=",
      "dev": true
    },
    "node_modules/queue-microtask": {
      "version": "1.1.2",
      "resolved": "https://registry.npmjs.org/queue-microtask/-/queue-microtask-1.1.2.tgz",
      "integrity": "sha512-F9wwNePtXrzZenAB3ax0Y8TSKGvuB7Qw16J30hspEUTbfUM+H827XyN3rlpwhVmtm5wuZtbKIHjOnwDn7MUxWQ==",
      "dev": true
    },
    "node_modules/rlp": {
      "version": "2.2.6",
      "resolved": "https://registry.npmjs.org/rlp/-/rlp-2.2.6.tgz",
      "integrity": "sha512-HAfAmL6SDYNWPUOJNrM500x4Thn4PZsEy5pijPh40U9WfNk0z15hUYzO9xVIMAdIHdFtD8CBDHd75Td1g36Mjg==",
      "dev": true,
      "dependencies": {
        "bn.js": "^4.11.1"
      },
      "bin": {
        "rlp": "bin/rlp"
      }
    },
    "node_modules/sha3": {
      "version": "2.1.4",
      "resolved": "https://registry.npmjs.org/sha3/-/sha3-2.1.4.tgz",
      "integrity": "sha512-S8cNxbyb0UGUM2VhRD4Poe5N58gJnJsLJ5vC7FYWGUmGhcsj4++WaIOBFVDxlG0W3To6xBuiRh+i0Qp2oNCOtg==",
      "dev": true,
      "dependencies": {
        "buffer": "6.0.3"
      }
    }
  },
  "dependencies": {
    "@improbable-eng/grpc-web": {
      "version": "0.14.0",
      "resolved": "https://registry.npmjs.org/@improbable-eng/grpc-web/-/grpc-web-0.14.0.tgz",
      "integrity": "sha512-ag1PTMWpBZKGi6GrEcZ4lkU5Qag23Xjo10BmnK9qyx4TMmSVcWmQ3rECirfQzm2uogrM9n1M6xfOpFsJP62ivA==",
      "dev": true,
      "requires": {
        "browser-headers": "^0.4.1"
      }
    },
    "@improbable-eng/grpc-web-node-http-transport": {
      "version": "0.14.0",
      "resolved": "https://registry.npmjs.org/@improbable-eng/grpc-web-node-http-transport/-/grpc-web-node-http-transport-0.14.0.tgz",
      "integrity": "sha512-NGZJgY8zTTWM//9oGdJZ+acmCgcgUcqxu3NV3GMFxw35D+3xkdEz599r9O7urg1Vv0+LzXDvfWEg7qg1Ec8x1w==",
      "dev": true,
      "requires": {}
    },
    "@onflow/config": {
      "version": "0.0.2",
      "resolved": "https://registry.npmjs.org/@onflow/config/-/config-0.0.2.tgz",
      "integrity": "sha512-H/+yrAalzEnMWkubiWsDdWytKSzd+OfRCddTlaRUelxfXhcfw2QWegH9N8EzeKfKXcQ6PLzvu9vQwhFxCZTE8Q==",
      "dev": true,
      "requires": {
        "@onflow/util-actor": "0.0.2"
      }
    },
    "@onflow/fcl": {
      "version": "0.0.73",
      "resolved": "https://registry.npmjs.org/@onflow/fcl/-/fcl-0.0.73.tgz",
      "integrity": "sha512-A6HNPgfck51uBMyhuKoOQaH9Ro1Ma7iE45Q5imrjeAT0Jk1DLUgG78M28oFpt+mlCwhYFsLuyMVmVPwGsAL64w==",
      "dev": true,
      "requires": {
        "@onflow/interaction": "0.0.11",
        "@onflow/rlp": "0.0.3",
        "@onflow/sdk": "0.0.50",
        "@onflow/types": "^0.0.4",
        "@onflow/util-actor": "0.0.2",
        "@onflow/util-address": "0.0.0",
        "@onflow/util-invariant": "0.0.0",
        "@onflow/util-template": "0.0.1",
        "@onflow/util-uid": "0.0.1"
      }
    },
    "@onflow/fcl-config": {
      "version": "0.0.1",
      "resolved": "https://registry.npmjs.org/@onflow/fcl-config/-/fcl-config-0.0.1.tgz",
      "integrity": "sha512-umvYsAwejX2yGJ5OFxM1dEaKmFEXf+34f4rJfVkfEYztgJqLkUbBkEB8HQsI8M78QUpWkWuNArqwbFvFerBbHA=="
    },
    "@onflow/interaction": {
      "version": "0.0.11",
      "resolved": "https://registry.npmjs.org/@onflow/interaction/-/interaction-0.0.11.tgz",
      "integrity": "sha512-Xuq1Mmx6Wyba/F/L+QLQs0yJeQDsIDwy5SKk5vrCuVgIj0yD8k506g5L8ODrbM1LWll8i0tQsoOi0F85vNl5sA==",
      "dev": true
    },
    "@onflow/protobuf": {
      "version": "0.1.8",
      "resolved": "https://registry.npmjs.org/@onflow/protobuf/-/protobuf-0.1.8.tgz",
      "integrity": "sha512-Taww31RrpJMr3fkWgF2HR2TcRbAoPbMjwRYt9IlYknyRX5YTzpaU35petdqDRfxwmfY9mRxHbiInujX4aV02Hw==",
      "dev": true,
      "requires": {
        "@improbable-eng/grpc-web": "^0.12.0",
        "google-protobuf": "^3.11.4"
      },
      "dependencies": {
        "@improbable-eng/grpc-web": {
          "version": "0.12.0",
          "resolved": "https://registry.npmjs.org/@improbable-eng/grpc-web/-/grpc-web-0.12.0.tgz",
          "integrity": "sha512-uJjgMPngreRTYPBuo6gswMj1gK39Wbqre/RgE0XnSDXJRg6ST7ZhuS53dFE6Vc2CX4jxgl+cO+0B3op8LA4Q0Q==",
          "dev": true,
          "requires": {
            "browser-headers": "^0.4.0"
          }
        }
      }
    },
    "@onflow/rlp": {
      "version": "0.0.3",
      "resolved": "https://registry.npmjs.org/@onflow/rlp/-/rlp-0.0.3.tgz",
      "integrity": "sha512-oAf0VEiMjX8eC6Vd66j1BdGYTHOM6UBaS/sLSScnc7bKX5gICqe2gtEsCeJVE9rUzRk3GD3JqXRnPAW6YFWd/Q==",
      "dev": true
    },
    "@onflow/sdk": {
      "version": "0.0.50",
      "resolved": "https://registry.npmjs.org/@onflow/sdk/-/sdk-0.0.50.tgz",
      "integrity": "sha512-A3g43Qx7OgeFfpgz9Tk4bJIE2xJ6zWe6FPGAm6Al+5OP+TNU5vdLcxKNgR+Pk2u+QVCYBaA0Jf4pncF9+K+pVw==",
      "dev": true,
      "requires": {
        "@improbable-eng/grpc-web": "^0.14.0",
        "@improbable-eng/grpc-web-node-http-transport": "^0.14.0",
        "@onflow/protobuf": "^0.1.8",
        "@onflow/rlp": "^0.0.3",
        "@onflow/util-actor": "0.0.2",
        "@onflow/util-address": "^0.0.0",
        "@onflow/util-invariant": "^0.0.0",
        "@onflow/util-template": "0.0.1",
        "deepmerge": "^4.2.2"
      }
    },
    "@onflow/types": {
      "version": "0.0.4",
      "resolved": "https://registry.npmjs.org/@onflow/types/-/types-0.0.4.tgz",
      "integrity": "sha512-47r0qTM45mR7FSvyEE0njGljkpgy3MCf/2W82pfZ/PTFGWr1nsGV/4j2bUfK9Sry4Ymz2W20iRZVP3xpqOhqGw==",
      "dev": true
    },
    "@onflow/util-actor": {
      "version": "0.0.2",
      "resolved": "https://registry.npmjs.org/@onflow/util-actor/-/util-actor-0.0.2.tgz",
      "integrity": "sha512-NV3zPXQue3FqVgcIIMo6ifJOiP3hVSQTaR4ZrWLFU5iAZ/L73cTtBMbCB4BUFOe20ALtF2c9PFmpNVowCYV+nw==",
      "dev": true,
      "requires": {
        "queue-microtask": "1.1.2"
      }
    },
    "@onflow/util-address": {
      "version": "0.0.0",
      "resolved": "https://registry.npmjs.org/@onflow/util-address/-/util-address-0.0.0.tgz",
      "integrity": "sha512-Lzbw/wV3O1fmfXYF2q6iGLgHz/7ATsLXOHceP5tzeEAKNf+srdtTNJv5jhNGhpFFAtQ6TcomXURVMhUg+/4YbA==",
      "dev": true
    },
    "@onflow/util-invariant": {
      "version": "0.0.0",
      "resolved": "https://registry.npmjs.org/@onflow/util-invariant/-/util-invariant-0.0.0.tgz",
      "integrity": "sha512-ZCt+NqLdeHt9tZhb0DGxo6iSIS9oNUpLkd0PEMzUYUHr4UwrUO7VruV1AUW3PaF9V78DZ13fNZUiQEzdF76O/w==",
      "dev": true
    },
    "@onflow/util-template": {
      "version": "0.0.1",
      "resolved": "https://registry.npmjs.org/@onflow/util-template/-/util-template-0.0.1.tgz",
      "integrity": "sha512-qlJ0oq+QujnZRCOGYaw5OKSDpiDIOpwQMYlMe4Mbz//Wn+LOmUghoKZGmRP+YCgp7BJ4aB6AWW/7kL83NDy50A==",
      "dev": true
    },
    "@onflow/util-uid": {
      "version": "0.0.1",
      "resolved": "https://registry.npmjs.org/@onflow/util-uid/-/util-uid-0.0.1.tgz",
      "integrity": "sha512-SzBscBdyn1Zoks0Wo/w7J/Ds9IZ/T+KM/wyWMwWla4PnxwBFviy1BytEQY+sM5q1UNOvaGWgGEoRmH/oOCcglA==",
      "dev": true
    },
    "base64-js": {
      "version": "1.5.1",
      "resolved": "https://registry.npmjs.org/base64-js/-/base64-js-1.5.1.tgz",
      "integrity": "sha512-AKpaYlHn8t4SVbOHCy+b5+KKgvR4vrsD8vbvrbiQJps7fKDTkjkDry6ji0rUJjC0kzbNePLwzxq8iypo41qeWA==",
      "dev": true
    },
    "bn.js": {
      "version": "4.12.0",
      "resolved": "https://registry.npmjs.org/bn.js/-/bn.js-4.12.0.tgz",
      "integrity": "sha512-c98Bf3tPniI+scsdk237ku1Dc3ujXQTSgyiPUDEOe7tRkhrqridvh8klBv0HCEso1OLOYcHuCv/cS6DNxKH+ZA==",
      "dev": true
    },
    "brorand": {
      "version": "1.1.0",
      "resolved": "https://registry.npmjs.org/brorand/-/brorand-1.1.0.tgz",
      "integrity": "sha1-EsJe/kCkXjwyPrhnWgoM5XsiNx8=",
      "dev": true
    },
    "browser-headers": {
      "version": "0.4.1",
      "resolved": "https://registry.npmjs.org/browser-headers/-/browser-headers-0.4.1.tgz",
      "integrity": "sha512-CA9hsySZVo9371qEHjHZtYxV2cFtVj5Wj/ZHi8ooEsrtm4vOnl9Y9HmyYWk9q+05d7K3rdoAE0j3MVEFVvtQtg==",
      "dev": true
    },
    "buffer": {
      "version": "6.0.3",
      "resolved": "https://registry.npmjs.org/buffer/-/buffer-6.0.3.tgz",
      "integrity": "sha512-FTiCpNxtwiZZHEZbcbTIcZjERVICn9yq/pDFkTl95/AxzD1naBctN7YO68riM/gLSDY7sdrMby8hofADYuuqOA==",
      "dev": true,
      "requires": {
        "base64-js": "^1.3.1",
        "ieee754": "^1.2.1"
      }
    },
    "deepmerge": {
      "version": "4.2.2",
      "resolved": "https://registry.npmjs.org/deepmerge/-/deepmerge-4.2.2.tgz",
      "integrity": "sha512-FJ3UgI4gIl+PHZm53knsuSFpE+nESMr7M4v9QcgB7S63Kj/6WqMiFQJpBBYz1Pt+66bZpP3Q7Lye0Oo9MPKEdg==",
      "dev": true
    },
    "elliptic": {
      "version": "6.5.4",
      "resolved": "https://registry.npmjs.org/elliptic/-/elliptic-6.5.4.tgz",
      "integrity": "sha512-iLhC6ULemrljPZb+QutR5TQGB+pdW6KGD5RSegS+8sorOZT+rdQFbsQFJgvN3eRqNALqJer4oQ16YvJHlU8hzQ==",
      "dev": true,
      "requires": {
        "bn.js": "^4.11.9",
        "brorand": "^1.1.0",
        "hash.js": "^1.0.0",
        "hmac-drbg": "^1.0.1",
        "inherits": "^2.0.4",
        "minimalistic-assert": "^1.0.1",
        "minimalistic-crypto-utils": "^1.0.1"
      }
    },
    "esm": {
      "version": "3.2.25",
      "resolved": "https://registry.npmjs.org/esm/-/esm-3.2.25.tgz",
      "integrity": "sha512-U1suiZ2oDVWv4zPO56S0NcR5QriEahGtdN2OR6FiOG4WJvcjBVFB0qI4+eKoWFH483PKGuLuu6V8Z4T5g63UVA==",
      "dev": true
    },
    "google-protobuf": {
      "version": "3.17.3",
      "resolved": "https://registry.npmjs.org/google-protobuf/-/google-protobuf-3.17.3.tgz",
      "integrity": "sha512-OVPzcSWIAJ+d5yiHyeaLrdufQtrvaBrF4JQg+z8ynTkbO3uFcujqXszTumqg1cGsAsjkWnI+M5B1xZ19yR4Wyg==",
      "dev": true
    },
    "hash.js": {
      "version": "1.1.7",
      "resolved": "https://registry.npmjs.org/hash.js/-/hash.js-1.1.7.tgz",
      "integrity": "sha512-taOaskGt4z4SOANNseOviYDvjEJinIkRgmp7LbKP2YTTmVxWBl87s/uzK9r+44BclBSp2X7K1hqeNfz9JbBeXA==",
      "dev": true,
      "requires": {
        "inherits": "^2.0.3",
        "minimalistic-assert": "^1.0.1"
      }
    },
    "hmac-drbg": {
      "version": "1.0.1",
      "resolved": "https://registry.npmjs.org/hmac-drbg/-/hmac-drbg-1.0.1.tgz",
      "integrity": "sha1-0nRXAQJabHdabFRXk+1QL8DGSaE=",
      "dev": true,
      "requires": {
        "hash.js": "^1.0.3",
        "minimalistic-assert": "^1.0.0",
        "minimalistic-crypto-utils": "^1.0.1"
      }
    },
    "ieee754": {
      "version": "1.2.1",
      "resolved": "https://registry.npmjs.org/ieee754/-/ieee754-1.2.1.tgz",
      "integrity": "sha512-dcyqhDvX1C46lXZcVqCpK+FtMRQVdIMN6/Df5js2zouUsqG7I6sFxitIC+7KYK29KdXOLHdu9zL4sFnoVQnqaA==",
      "dev": true
    },
    "inherits": {
      "version": "2.0.4",
      "resolved": "https://registry.npmjs.org/inherits/-/inherits-2.0.4.tgz",
      "integrity": "sha512-k/vGaX4/Yla3WzyMCvTQOXYeIHvqOKtnqBduzTHpzpQZzAskKMhZ2K+EnBiSM9zGSoIFeMpXKxa4dYeZIQqewQ==",
      "dev": true
    },
    "minimalistic-assert": {
      "version": "1.0.1",
      "resolved": "https://registry.npmjs.org/minimalistic-assert/-/minimalistic-assert-1.0.1.tgz",
      "integrity": "sha512-UtJcAD4yEaGtjPezWuO9wC4nwUnVH/8/Im3yEHQP4b67cXlD/Qr9hdITCU1xDbSEXg2XKNaP8jsReV7vQd00/A==",
      "dev": true
    },
    "minimalistic-crypto-utils": {
      "version": "1.0.1",
      "resolved": "https://registry.npmjs.org/minimalistic-crypto-utils/-/minimalistic-crypto-utils-1.0.1.tgz",
      "integrity": "sha1-9sAMHAsIIkblxNmd+4x8CDsrWCo=",
      "dev": true
    },
    "queue-microtask": {
      "version": "1.1.2",
      "resolved": "https://registry.npmjs.org/queue-microtask/-/queue-microtask-1.1.2.tgz",
      "integrity": "sha512-F9wwNePtXrzZenAB3ax0Y8TSKGvuB7Qw16J30hspEUTbfUM+H827XyN3rlpwhVmtm5wuZtbKIHjOnwDn7MUxWQ==",
      "dev": true
    },
    "rlp": {
      "version": "2.2.6",
      "resolved": "https://registry.npmjs.org/rlp/-/rlp-2.2.6.tgz",
      "integrity": "sha512-HAfAmL6SDYNWPUOJNrM500x4Thn4PZsEy5pijPh40U9WfNk0z15hUYzO9xVIMAdIHdFtD8CBDHd75Td1g36Mjg==",
      "dev": true,
      "requires": {
        "bn.js": "^4.11.1"
      }
    },
    "sha3": {
      "version": "2.1.4",
      "resolved": "https://registry.npmjs.org/sha3/-/sha3-2.1.4.tgz",
      "integrity": "sha512-S8cNxbyb0UGUM2VhRD4Poe5N58gJnJsLJ5vC7FYWGUmGhcsj4++WaIOBFVDxlG0W3To6xBuiRh+i0Qp2oNCOtg==",
      "dev": true,
      "requires": {
        "buffer": "6.0.3"
      }
    }
  }
}
